
Microsoft Visual Studio Solution File, Format Version 12.00
# Visual Studio Version 17
VisualStudioVersion = 17.8.34330.188
MinimumVisualStudioVersion = 10.0.40219.1
Project("{8BC9CEB8-8B4A-11D0-8D11-00A0C91BC942}") = "GameEditor", "GameEditor\GameEditor.vcxproj", "{C8C1E7E1-BD28-407A-8349-2BEED69FB625}"
EndProject
Project("{8BC9CEB8-8B4A-11D0-8D11-00A0C91BC942}") = "D3D_Graphics", "D3D_Graphics\D3D_Graphics.vcxproj", "{C1EEF062-45A1-44A9-88B0-404737BA039F}"
EndProject
Project("{8BC9CEB8-8B4A-11D0-8D11-00A0C91BC942}") = "Engine", "Engine\Engine.vcxproj", "{A0628B57-F105-4981-AD73-C6CE12592B7A}"
EndProject
Project("{8BC9CEB8-8B4A-11D0-8D11-00A0C91BC942}") = "GameApp", "GameApp\GameApp.vcxproj", "{6CB0FFC0-D828-4A71-BF3B-B6286C8C04DF}"
EndProject
Global
	GlobalSection(SolutionConfigurationPlatforms) = preSolution
		Debug|ARM = Debug|ARM
		Debug|ARM64 = Debug|ARM64
		Debug|x64 = Debug|x64
		Debug|x86 = Debug|x86
		Release|ARM = Release|ARM
		Release|ARM64 = Release|ARM64
		Release|x64 = Release|x64
		Release|x86 = Release|x86
	EndGlobalSection
	GlobalSection(ProjectConfigurationPlatforms) = postSolution
		{C8C1E7E1-BD28-407A-8349-2BEED69FB625}.Debug|ARM.ActiveCfg = Debug|x64
		{C8C1E7E1-BD28-407A-8349-2BEED69FB625}.Debug|ARM.Build.0 = Debug|x64
		{C8C1E7E1-BD28-407A-8349-2BEED69FB625}.Debug|ARM64.ActiveCfg = Debug|x64
		{C8C1E7E1-BD28-407A-8349-2BEED69FB625}.Debug|ARM64.Build.0 = Debug|x64
		{C8C1E7E1-BD28-407A-8349-2BEED69FB625}.Debug|x64.ActiveCfg = Debug|x64
		{C8C1E7E1-BD28-407A-8349-2BEED69FB625}.Debug|x64.Build.0 = Debug|x64
		{C8C1E7E1-BD28-407A-8349-2BEED69FB625}.Debug|x86.ActiveCfg = Debug|Win32
		{C8C1E7E1-BD28-407A-8349-2BEED69FB625}.Debug|x86.Build.0 = Debug|Win32
		{C8C1E7E1-BD28-407A-8349-2BEED69FB625}.Release|ARM.ActiveCfg = Release|x64
		{C8C1E7E1-BD28-407A-8349-2BEED69FB625}.Release|ARM.Build.0 = Release|x64
		{C8C1E7E1-BD28-407A-8349-2BEED69FB625}.Release|ARM64.ActiveCfg = Release|x64
		{C8C1E7E1-BD28-407A-8349-2BEED69FB625}.Release|ARM64.Build.0 = Release|x64
		{C8C1E7E1-BD28-407A-8349-2BEED69FB625}.Release|x64.ActiveCfg = Release|x64
		{C8C1E7E1-BD28-407A-8349-2BEED69FB625}.Release|x64.Build.0 = Release|x64
		{C8C1E7E1-BD28-407A-8349-2BEED69FB625}.Release|x86.ActiveCfg = Release|Win32
		{C8C1E7E1-BD28-407A-8349-2BEED69FB625}.Release|x86.Build.0 = Release|Win32
		{C1EEF062-45A1-44A9-88B0-404737BA039F}.Debug|ARM.ActiveCfg = Debug|x64
		{C1EEF062-45A1-44A9-88B0-404737BA039F}.Debug|ARM.Build.0 = Debug|x64
		{C1EEF062-45A1-44A9-88B0-404737BA039F}.Debug|ARM64.ActiveCfg = Debug|x64
		{C1EEF062-45A1-44A9-88B0-404737BA039F}.Debug|ARM64.Build.0 = Debug|x64
		{C1EEF062-45A1-44A9-88B0-404737BA039F}.Debug|x64.ActiveCfg = Debug|x64
		{C1EEF062-45A1-44A9-88B0-404737BA039F}.Debug|x64.Build.0 = Debug|x64
		{C1EEF062-45A1-44A9-88B0-404737BA039F}.Debug|x86.ActiveCfg = Debug|Win32
		{C1EEF062-45A1-44A9-88B0-404737BA039F}.Debug|x86.Build.0 = Debug|Win32
		{C1EEF062-45A1-44A9-88B0-404737BA039F}.Release|ARM.ActiveCfg = Release|x64
		{C1EEF062-45A1-44A9-88B0-404737BA039F}.Release|ARM.Build.0 = Release|x64
		{C1EEF062-45A1-44A9-88B0-404737BA039F}.Release|ARM64.ActiveCfg = Release|x64
		{C1EEF062-45A1-44A9-88B0-404737BA039F}.Release|ARM64.Build.0 = Release|x64
		{C1EEF062-45A1-44A9-88B0-404737BA039F}.Release|x64.ActiveCfg = Release|x64
		{C1EEF062-45A1-44A9-88B0-404737BA039F}.Release|x64.Build.0 = Release|x64
		{C1EEF062-45A1-44A9-88B0-404737BA039F}.Release|x86.ActiveCfg = Release|Win32
		{C1EEF062-45A1-44A9-88B0-404737BA039F}.Release|x86.Build.0 = Release|Win32
		{A0628B57-F105-4981-AD73-C6CE12592B7A}.Debug|ARM.ActiveCfg = Debug|x64
		{A0628B57-F105-4981-AD73-C6CE12592B7A}.Debug|ARM.Build.0 = Debug|x64
		{A0628B57-F105-4981-AD73-C6CE12592B7A}.Debug|ARM64.ActiveCfg = Debug|x64
		{A0628B57-F105-4981-AD73-C6CE12592B7A}.Debug|ARM64.Build.0 = Debug|x64
		{A0628B57-F105-4981-AD73-C6CE12592B7A}.Debug|x64.ActiveCfg = Debug|x64
		{A0628B57-F105-4981-AD73-C6CE12592B7A}.Debug|x64.Build.0 = Debug|x64
		{A0628B57-F105-4981-AD73-C6CE12592B7A}.Debug|x86.ActiveCfg = Debug|Win32
		{A0628B57-F105-4981-AD73-C6CE12592B7A}.Debug|x86.Build.0 = Debug|Win32
		{A0628B57-F105-4981-AD73-C6CE12592B7A}.Release|ARM.ActiveCfg = Release|x64
		{A0628B57-F105-4981-AD73-C6CE12592B7A}.Release|ARM.Build.0 = Release|x64
		{A0628B57-F105-4981-AD73-C6CE12592B7A}.Release|ARM64.ActiveCfg = Release|x64
		{A0628B57-F105-4981-AD73-C6CE12592B7A}.Release|ARM64.Build.0 = Release|x64
		{A0628B57-F105-4981-AD73-C6CE12592B7A}.Release|x64.ActiveCfg = Release|x64
		{A0628B57-F105-4981-AD73-C6CE12592B7A}.Release|x64.Build.0 = Release|x64
		{A0628B57-F105-4981-AD73-C6CE12592B7A}.Release|x86.ActiveCfg = Release|Win32
		{A0628B57-F105-4981-AD73-C6CE12592B7A}.Release|x86.Build.0 = Release|Win32
		{6CB0FFC0-D828-4A71-BF3B-B6286C8C04DF}.Debug|ARM.ActiveCfg = Debug|x64
		{6CB0FFC0-D828-4A71-BF3B-B6286C8C04DF}.Debug|ARM.Build.0 = Debug|x64
		{6CB0FFC0-D828-4A71-BF3B-B6286C8C04DF}.Debug|ARM64.ActiveCfg = Debug|x64
		{6CB0FFC0-D828-4A71-BF3B-B6286C8C04DF}.Debug|ARM64.Build.0 = Debug|x64
		{6CB0FFC0-D828-4A71-BF3B-B6286C8C04DF}.Debug|x64.ActiveCfg = Debug|x64
		{6CB0FFC0-D828-4A71-BF3B-B6286C8C04DF}.Debug|x64.Build.0 = Debug|x64
		{6CB0FFC0-D828-4A71-BF3B-B6286C8C04DF}.Debug|x86.ActiveCfg = Debug|Win32
		{6CB0FFC0-D828-4A71-BF3B-B6286C8C04DF}.Debug|x86.Build.0 = Debug|Win32
		{6CB0FFC0-D828-4A71-BF3B-B6286C8C04DF}.Release|ARM.ActiveCfg = Release|x64
		{6CB0FFC0-D828-4A71-BF3B-B6286C8C04DF}.Release|ARM.Build.0 = Release|x64
		{6CB0FFC0-D828-4A71-BF3B-B6286C8C04DF}.Release|ARM64.ActiveCfg = Release|x64
		{6CB0FFC0-D828-4A71-BF3B-B6286C8C04DF}.Release|ARM64.Build.0 = Release|x64
		{6CB0FFC0-D828-4A71-BF3B-B6286C8C04DF}.Release|x64.ActiveCfg = Release|x64
		{6CB0FFC0-D828-4A71-BF3B-B6286C8C04DF}.Release|x64.Build.0 = Release|x64
		{6CB0FFC0-D828-4A71-BF3B-B6286C8C04DF}.Release|x86.ActiveCfg = Release|Win32
		{6CB0FFC0-D828-4A71-BF3B-B6286C8C04DF}.Release|x86.Build.0 = Release|Win32
	EndGlobalSection
	GlobalSection(SolutionProperties) = preSolution
		HideSolutionNode = FALSE
	EndGlobalSection
	GlobalSection(ExtensibilityGlobals) = postSolution
		SolutionGuid = {BF2B91C9-CD75-4175-9417-F64775A5BC60}
	EndGlobalSection
EndGlobal
