<?xml version="1.0" encoding="utf-8"?>
<Project ToolsVersion="4.0" xmlns="http://schemas.microsoft.com/developer/msbuild/2003">
  <ItemGroup>
    <ClCompile Include="Collider.cpp" />
    <ClCompile Include="CameraSystem.cpp" />
    <ClCompile Include="CollisionSystem.cpp" />
    <ClCompile Include="DynamicCollider.cpp" />
    <ClCompile Include="DebugSystem.cpp" />
    <ClCompile Include="Engine.cpp" />
    <ClCompile Include="InputManager.cpp" />
    <ClCompile Include="MovementSystem.cpp" />
    <ClCompile Include="MyPOINT.cpp" />
    <ClCompile Include="pch.cpp" />
    <ClCompile Include="PhysicsManager.cpp" />
    <ClCompile Include="RenderManager.cpp" />
    <ClCompile Include="RenderSystem.cpp" />
    <ClCompile Include="ScriptSystem.cpp" />
    <ClCompile Include="StaticCollider.cpp" />
    <ClCompile Include="SoundManager.cpp" />
    <ClCompile Include="SoundSystem.cpp" />
    <ClCompile Include="SpriteSystem.cpp" />
    <ClCompile Include="TimeManager.cpp" />
    <ClCompile Include="TransformSystem.cpp" />
    <ClCompile Include="UISystem.cpp" />
    <ClCompile Include="Vector3D.h" />
    <ClCompile Include="WorldManager.cpp" />
  </ItemGroup>
  <ItemGroup>
    <ClInclude Include="POVCameraScript.h" />
    <ClInclude Include="FreeCameraScript.h" />
    <ClInclude Include="CameraSystem.h" />
    <ClInclude Include="jsonSerializer.h" />
    <ClInclude Include="PlayerScript.h" />
    <ClInclude Include="CameraScript.h" />
    <ClInclude Include="Matrix4x4.h" />
    <ClInclude Include="Sprite2D.h" />
    <ClInclude Include="BoxCollider.h" />
    <ClInclude Include="Camera.h" />
    <ClInclude Include="Collider.h" />
    <ClInclude Include="CollisionSystem.h" />
    <ClInclude Include="DynamicCollider.h" />
    <ClInclude Include="Debug.h" />
    <ClInclude Include="DebugSystem.h" />
    <ClInclude Include="ECS.h" />
    <ClInclude Include="Engine.h" />
    <ClInclude Include="EntityIdentifier.h" />
    <ClInclude Include="framework.h" />
    <ClInclude Include="InputManager.h" />
    <ClInclude Include="ISingleton.h" />
    <ClInclude Include="Light.h" />
    <ClInclude Include="Movement.h" />
    <ClInclude Include="MovementSystem.h" />
    <ClInclude Include="nlohmann\json.hpp" />
    <ClInclude Include="pch.h" />
    <ClInclude Include="PhysicsManager.h" />
    <ClInclude Include="RenderManager.h" />
    <ClInclude Include="RenderSystem.h" />
    <ClInclude Include="RigidBody.h" />
    <ClInclude Include="SampleScript.h" />
    <ClInclude Include="Script.h" />
    <ClInclude Include="ScriptSystem.h" />
    <ClInclude Include="Sound.h" />
    <ClInclude Include="SoundManager.h" />
    <ClInclude Include="SoundSystem.h" />
    <ClInclude Include="SpriteSystem.h" />
    <ClInclude Include="StaticCollider.h" />
    <ClInclude Include="StaticMesh.h" />
    <ClInclude Include="TestUIScript.h" />
    <ClInclude Include="TimeManager.h" />
    <ClInclude Include="Transform.h" />
    <ClInclude Include="TransformSystem.h" />
    <ClInclude Include="UI.h" />
    <ClInclude Include="UISystem.h" />
    <ClInclude Include="WorldManager.h" />
  </ItemGroup>
  <ItemGroup>
    <Filter Include="0.Helper">
      <UniqueIdentifier>{f1e1b9fb-bce0-4a65-961f-bb2107bafb04}</UniqueIdentifier>
    </Filter>
  </ItemGroup>
</Project>