<?xml version="1.0" encoding="utf-8"?>
<Project ToolsVersion="4.0" xmlns="http://schemas.microsoft.com/developer/msbuild/2003">
  <ItemGroup>
    <Filter Include="소스 파일">
      <UniqueIdentifier>{4FC737F1-C7A5-4376-A066-2A32D752A2FF}</UniqueIdentifier>
      <Extensions>cpp;c;cc;cxx;c++;cppm;ixx;def;odl;idl;hpj;bat;asm;asmx</Extensions>
    </Filter>
    <Filter Include="헤더 파일">
      <UniqueIdentifier>{93995380-89BD-4b04-88EB-625FBE52EBFB}</UniqueIdentifier>
      <Extensions>h;hh;hpp;hxx;h++;hm;inl;inc;ipp;xsd</Extensions>
    </Filter>
    <Filter Include="리소스 파일">
      <UniqueIdentifier>{67DA6AB6-F800-4c08-8B7A-83BB121AAD01}</UniqueIdentifier>
      <Extensions>rc;ico;cur;bmp;dlg;rc2;rct;bin;rgs;gif;jpg;jpeg;jpe;resx;tiff;tif;png;wav;mfcribbon-ms</Extensions>
    </Filter>
    <Filter Include="System">
      <UniqueIdentifier>{29995b00-d775-4676-a950-2fe216f6f920}</UniqueIdentifier>
    </Filter>
    <Filter Include="Interface">
      <UniqueIdentifier>{62fe4c82-83ca-46b6-8a91-b2d9cf7a8042}</UniqueIdentifier>
    </Filter>
    <Filter Include="Component">
      <UniqueIdentifier>{7d6c694d-e54f-4ec7-945c-e68e12bdf4f8}</UniqueIdentifier>
    </Filter>
    <Filter Include="System\Input">
      <UniqueIdentifier>{f02e9943-7d0b-421d-9527-d7ee6cb04985}</UniqueIdentifier>
    </Filter>
    <Filter Include="System\Movement">
      <UniqueIdentifier>{6d314a24-c87e-4376-b3ca-aeb76cf73a7c}</UniqueIdentifier>
    </Filter>
    <Filter Include="System\Time">
      <UniqueIdentifier>{80ee3770-4e9a-4d4e-b388-f1044c8d4f2a}</UniqueIdentifier>
    </Filter>
    <Filter Include="Engine">
      <UniqueIdentifier>{a9a9f40c-90dd-4982-ac8c-4b0c06ee1c3c}</UniqueIdentifier>
    </Filter>
    <Filter Include="System\Script">
      <UniqueIdentifier>{6522a474-3bdd-4b4d-9346-42295a7f232d}</UniqueIdentifier>
    </Filter>
  </ItemGroup>
  <ItemGroup>
    <ClInclude Include="framework.h">
      <Filter>헤더 파일</Filter>
    </ClInclude>
    <ClInclude Include="pch.h">
      <Filter>헤더 파일</Filter>
    </ClInclude>
    <ClInclude Include="IOnTirgger.h">
      <Filter>Interface</Filter>
    </ClInclude>
    <ClInclude Include="nlohmann\json.hpp">
      <Filter>헤더 파일</Filter>
    </ClInclude>
    <ClInclude Include="ISingleton.h">
      <Filter>Interface</Filter>
    </ClInclude>
    <ClInclude Include="ECS.h">
      <Filter>헤더 파일</Filter>
    </ClInclude>
    <ClInclude Include="Transform.h">
      <Filter>Component</Filter>
    </ClInclude>
    <ClInclude Include="Movement.h">
      <Filter>Component</Filter>
    </ClInclude>
    <ClInclude Include="Camera.h">
      <Filter>Component</Filter>
    </ClInclude>
    <ClInclude Include="StaticMesh.h">
      <Filter>Component</Filter>
    </ClInclude>
    <ClInclude Include="SkinnedMesh.h">
      <Filter>Component</Filter>
    </ClInclude>
    <ClInclude Include="InputSystem.h">
      <Filter>System\Input</Filter>
    </ClInclude>
    <ClInclude Include="PlayerInputSystem.h">
      <Filter>System\Input</Filter>
    </ClInclude>
    <ClInclude Include="MovementSystem.h">
      <Filter>System\Movement</Filter>
    </ClInclude>
    <ClInclude Include="Light.h">
      <Filter>Component</Filter>
    </ClInclude>
    <ClInclude Include="BoxCollider.h">
      <Filter>Component</Filter>
    </ClInclude>
    <ClInclude Include="RigidBody.h">
      <Filter>Component</Filter>
    </ClInclude>
    <ClInclude Include="Engine.h">
      <Filter>Engine</Filter>
    </ClInclude>
    <ClInclude Include="ScriptSystem.h">
      <Filter>System\Script</Filter>
    </ClInclude>
    <ClInclude Include="Script.h">
      <Filter>Component</Filter>
    </ClInclude>
    <ClInclude Include="TimeSystem.h">
      <Filter>System\Time</Filter>
    </ClInclude>
    <ClInclude Include="SampleScript.h">
      <Filter>Component</Filter>
    </ClInclude>
  </ItemGroup>
  <ItemGroup>
    <ClCompile Include="pch.cpp">
      <Filter>소스 파일</Filter>
    </ClCompile>
    <ClCompile Include="Vector3D.h">
      <Filter>헤더 파일</Filter>
    </ClCompile>
    <ClCompile Include="InputSystem.cpp">
      <Filter>System\Input</Filter>
    </ClCompile>
    <ClCompile Include="PlayerInputSystem.cpp">
      <Filter>System\Input</Filter>
    </ClCompile>
    <ClCompile Include="MovementSystem.cpp">
      <Filter>System\Movement</Filter>
    </ClCompile>
    <ClCompile Include="TimeSystem.cpp">
      <Filter>System\Time</Filter>
    </ClCompile>
    <ClCompile Include="Engine.cpp">
      <Filter>Engine</Filter>
    </ClCompile>
    <ClCompile Include="ScriptSystem.cpp">
      <Filter>System\Script</Filter>
    </ClCompile>
  </ItemGroup>
  <ItemGroup>
    <None Include="IOnCollision.h">
      <Filter>Interface</Filter>
    </None>
  </ItemGroup>
</Project>