<?xml version="1.0" encoding="utf-8"?>
<Project ToolsVersion="4.0" xmlns="http://schemas.microsoft.com/developer/msbuild/2003">
  <ItemGroup>
    <Filter Include="소스 파일">
      <UniqueIdentifier>{4FC737F1-C7A5-4376-A066-2A32D752A2FF}</UniqueIdentifier>
      <Extensions>cpp;c;cc;cxx;c++;cppm;ixx;def;odl;idl;hpj;bat;asm;asmx</Extensions>
    </Filter>
    <Filter Include="헤더 파일">
      <UniqueIdentifier>{93995380-89BD-4b04-88EB-625FBE52EBFB}</UniqueIdentifier>
      <Extensions>h;hh;hpp;hxx;h++;hm;inl;inc;ipp;xsd</Extensions>
    </Filter>
    <Filter Include="리소스 파일">
      <UniqueIdentifier>{67DA6AB6-F800-4c08-8B7A-83BB121AAD01}</UniqueIdentifier>
      <Extensions>rc;ico;cur;bmp;dlg;rc2;rct;bin;rgs;gif;jpg;jpeg;jpe;resx;tiff;tif;png;wav;mfcribbon-ms</Extensions>
    </Filter>
    <Filter Include="1.Dynamic">
      <UniqueIdentifier>{eb9cf21b-e507-4b4a-ac7a-d26df3827ca9}</UniqueIdentifier>
    </Filter>
    <Filter Include="2.Static">
      <UniqueIdentifier>{8190e0fa-790f-43e3-9b4f-d5688817d80b}</UniqueIdentifier>
    </Filter>
    <Filter Include="0.Collider">
      <UniqueIdentifier>{bb9be98f-7acf-4e5b-b17c-fdfe9b0bd337}</UniqueIdentifier>
    </Filter>
    <Filter Include="4.PlaneCollider">
      <UniqueIdentifier>{9db2f604-3f31-4f42-b2c8-148056a2a30a}</UniqueIdentifier>
    </Filter>
  </ItemGroup>
  <ItemGroup>
    <ClInclude Include="framework.h">
      <Filter>헤더 파일</Filter>
    </ClInclude>
    <ClInclude Include="pch.h">
      <Filter>헤더 파일</Filter>
    </ClInclude>
    <ClInclude Include="D3D_PhysX.h">
      <Filter>헤더 파일</Filter>
    </ClInclude>
    <ClInclude Include="DynamicCollider.h">
      <Filter>1.Dynamic</Filter>
    </ClInclude>
    <ClInclude Include="resource.h">
      <Filter>헤더 파일</Filter>
    </ClInclude>
    <ClInclude Include="StaticCollider.h">
      <Filter>2.Static</Filter>
    </ClInclude>
    <ClInclude Include="Collider.h">
      <Filter>0.Collider</Filter>
    </ClInclude>
    <ClInclude Include="PlaneCollider.h">
      <Filter>4.PlaneCollider</Filter>
    </ClInclude>
  </ItemGroup>
  <ItemGroup>
    <ClCompile Include="D3D_PhysX.cpp">
      <Filter>소스 파일</Filter>
    </ClCompile>
    <ClCompile Include="pch.cpp">
      <Filter>소스 파일</Filter>
    </ClCompile>
    <ClCompile Include="DynamicCollider.cpp">
      <Filter>1.Dynamic</Filter>
    </ClCompile>
    <ClCompile Include="StaticCollider.cpp">
      <Filter>2.Static</Filter>
    </ClCompile>
    <ClCompile Include="Collider.cpp">
      <Filter>0.Collider</Filter>
    </ClCompile>
    <ClCompile Include="PlaneCollider.cpp">
      <Filter>4.PlaneCollider</Filter>
    </ClCompile>
  </ItemGroup>
  <ItemGroup>
    <ResourceCompile Include="D3D_PhysX.rc">
      <Filter>리소스 파일</Filter>
    </ResourceCompile>
  </ItemGroup>
</Project>